
Microsoft Visual Studio Solution File, Format Version 12.00
# Visual Studio Version 17
VisualStudioVersion = 17.1.32421.90
MinimumVisualStudioVersion = 10.0.40219.1
Project("{9A19103F-16F7-4668-BE54-9A1E7A4F7556}") = "SubspaceServer", "SubspaceServer\SubspaceServer.csproj", "{C8467BE0-4222-4B1D-AC2E-4A7ADF31BB67}"
EndProject
Project("{9A19103F-16F7-4668-BE54-9A1E7A4F7556}") = "Utilities", "Utilities\Utilities.csproj", "{2A8FD4C6-8448-4F56-8B3A-60DF0ECD9CEB}"
EndProject
Project("{9A19103F-16F7-4668-BE54-9A1E7A4F7556}") = "Packets", "Packets\Packets.csproj", "{5E261FCA-FA81-4144-9FCB-D22D85E722A1}"
EndProject
Project("{9A19103F-16F7-4668-BE54-9A1E7A4F7556}") = "Core", "Core\Core.csproj", "{FEF75FC5-C8E9-45AC-BF0D-B2027EEFD689}"
EndProject
Project("{9A19103F-16F7-4668-BE54-9A1E7A4F7556}") = "Replay", "Replay\Replay.csproj", "{3C4217C3-4376-4F93-AB2E-B824FB191A4D}"
EndProject
Project("{9A19103F-16F7-4668-BE54-9A1E7A4F7556}") = "Matchmaking", "Matchmaking\Matchmaking.csproj", "{15517AA1-FEB9-43BC-A783-D271909C4B60}"
EndProject
Global
	GlobalSection(SolutionConfigurationPlatforms) = preSolution
		Debug|Any CPU = Debug|Any CPU
		Release|Any CPU = Release|Any CPU
	EndGlobalSection
	GlobalSection(ProjectConfigurationPlatforms) = postSolution
		{C8467BE0-4222-4B1D-AC2E-4A7ADF31BB67}.Debug|Any CPU.ActiveCfg = Debug|Any CPU
		{C8467BE0-4222-4B1D-AC2E-4A7ADF31BB67}.Debug|Any CPU.Build.0 = Debug|Any CPU
		{C8467BE0-4222-4B1D-AC2E-4A7ADF31BB67}.Release|Any CPU.ActiveCfg = Release|Any CPU
		{C8467BE0-4222-4B1D-AC2E-4A7ADF31BB67}.Release|Any CPU.Build.0 = Release|Any CPU
		{2A8FD4C6-8448-4F56-8B3A-60DF0ECD9CEB}.Debug|Any CPU.ActiveCfg = Debug|Any CPU
		{2A8FD4C6-8448-4F56-8B3A-60DF0ECD9CEB}.Debug|Any CPU.Build.0 = Debug|Any CPU
		{2A8FD4C6-8448-4F56-8B3A-60DF0ECD9CEB}.Release|Any CPU.ActiveCfg = Release|Any CPU
		{2A8FD4C6-8448-4F56-8B3A-60DF0ECD9CEB}.Release|Any CPU.Build.0 = Release|Any CPU
		{5E261FCA-FA81-4144-9FCB-D22D85E722A1}.Debug|Any CPU.ActiveCfg = Debug|Any CPU
		{5E261FCA-FA81-4144-9FCB-D22D85E722A1}.Debug|Any CPU.Build.0 = Debug|Any CPU
		{5E261FCA-FA81-4144-9FCB-D22D85E722A1}.Release|Any CPU.ActiveCfg = Release|Any CPU
		{5E261FCA-FA81-4144-9FCB-D22D85E722A1}.Release|Any CPU.Build.0 = Release|Any CPU
		{FEF75FC5-C8E9-45AC-BF0D-B2027EEFD689}.Debug|Any CPU.ActiveCfg = Debug|Any CPU
		{FEF75FC5-C8E9-45AC-BF0D-B2027EEFD689}.Debug|Any CPU.Build.0 = Debug|Any CPU
		{FEF75FC5-C8E9-45AC-BF0D-B2027EEFD689}.Release|Any CPU.ActiveCfg = Release|Any CPU
		{FEF75FC5-C8E9-45AC-BF0D-B2027EEFD689}.Release|Any CPU.Build.0 = Release|Any CPU
		{3C4217C3-4376-4F93-AB2E-B824FB191A4D}.Debug|Any CPU.ActiveCfg = Debug|Any CPU
		{3C4217C3-4376-4F93-AB2E-B824FB191A4D}.Debug|Any CPU.Build.0 = Debug|Any CPU
		{3C4217C3-4376-4F93-AB2E-B824FB191A4D}.Release|Any CPU.ActiveCfg = Release|Any CPU
		{3C4217C3-4376-4F93-AB2E-B824FB191A4D}.Release|Any CPU.Build.0 = Release|Any CPU
		{15517AA1-FEB9-43BC-A783-D271909C4B60}.Debug|Any CPU.ActiveCfg = Debug|Any CPU
		{15517AA1-FEB9-43BC-A783-D271909C4B60}.Debug|Any CPU.Build.0 = Debug|Any CPU
		{15517AA1-FEB9-43BC-A783-D271909C4B60}.Release|Any CPU.ActiveCfg = Release|Any CPU
		{15517AA1-FEB9-43BC-A783-D271909C4B60}.Release|Any CPU.Build.0 = Release|Any CPU
	EndGlobalSection
	GlobalSection(SolutionProperties) = preSolution
		HideSolutionNode = FALSE
	EndGlobalSection
	GlobalSection(ExtensibilityGlobals) = postSolution
		SolutionGuid = {E3DA6CD6-FE82-428F-B8CA-31D03F98906E}
	EndGlobalSection
EndGlobal
